// !$*UTF8*$!
{
	archiveVersion = 1;
	classes = {
	};
	objectVersion = 46;
	objects = {

/* Begin PBXBuildFile section */
		1496E11E1F44C32700CA7A10 /* SwiftyUtils.h in Headers */ = {isa = PBXBuildFile; fileRef = 1496E11C1F44C32700CA7A10 /* SwiftyUtils.h */; settings = {ATTRIBUTES = (Public, ); }; };
		1496E1441F44C6F500CA7A10 /* Array+Unsafe.swift in Sources */ = {isa = PBXBuildFile; fileRef = 1496E1261F44C6F500CA7A10 /* Array+Unsafe.swift */; };
		1496E1451F44C6F500CA7A10 /* Array.swift in Sources */ = {isa = PBXBuildFile; fileRef = 1496E1271F44C6F500CA7A10 /* Array.swift */; };
		1496E1461F44C6F500CA7A10 /* Collection.swift in Sources */ = {isa = PBXBuildFile; fileRef = 1496E1281F44C6F500CA7A10 /* Collection.swift */; };
		1496E1471F44C6F500CA7A10 /* Dictionary.swift in Sources */ = {isa = PBXBuildFile; fileRef = 1496E1291F44C6F500CA7A10 /* Dictionary.swift */; };
		1496E1481F44C6F500CA7A10 /* MutableCollection.swift in Sources */ = {isa = PBXBuildFile; fileRef = 1496E12A1F44C6F500CA7A10 /* MutableCollection.swift */; };
		1496E1491F44C6F500CA7A10 /* RandomAccessCollection.swift in Sources */ = {isa = PBXBuildFile; fileRef = 1496E12B1F44C6F500CA7A10 /* RandomAccessCollection.swift */; };
		1496E14A1F44C6F500CA7A10 /* Sequence.swift in Sources */ = {isa = PBXBuildFile; fileRef = 1496E12C1F44C6F500CA7A10 /* Sequence.swift */; };
		1496E14B1F44C6F500CA7A10 /* Stack.swift in Sources */ = {isa = PBXBuildFile; fileRef = 1496E12D1F44C6F500CA7A10 /* Stack.swift */; };
		1496E14C1F44C6F500CA7A10 /* ErrorHandling.swift in Sources */ = {isa = PBXBuildFile; fileRef = 1496E12F1F44C6F500CA7A10 /* ErrorHandling.swift */; };
		1496E14D1F44C6F500CA7A10 /* UrlLoader.swift in Sources */ = {isa = PBXBuildFile; fileRef = 1496E1311F44C6F500CA7A10 /* UrlLoader.swift */; };
		1496E14E1F44C6F500CA7A10 /* Optionals.swift in Sources */ = {isa = PBXBuildFile; fileRef = 1496E1331F44C6F500CA7A10 /* Optionals.swift */; };
		1496E14F1F44C6F500CA7A10 /* String.swift in Sources */ = {isa = PBXBuildFile; fileRef = 1496E1351F44C6F500CA7A10 /* String.swift */; };
		1496E1501F44C6F500CA7A10 /* Logs.swift in Sources */ = {isa = PBXBuildFile; fileRef = 1496E1371F44C6F500CA7A10 /* Logs.swift */; };
		1496E1511F44C6F500CA7A10 /* LinkedList.swift in Sources */ = {isa = PBXBuildFile; fileRef = 1496E13A1F44C6F500CA7A10 /* LinkedList.swift */; };
		1496E1521F44C6F500CA7A10 /* List.swift in Sources */ = {isa = PBXBuildFile; fileRef = 1496E13B1F44C6F500CA7A10 /* List.swift */; };
		1496E1531F44C6F500CA7A10 /* PrefixIterator.swift in Sources */ = {isa = PBXBuildFile; fileRef = 1496E13C1F44C6F500CA7A10 /* PrefixIterator.swift */; };
		1496E1541F44C6F500CA7A10 /* Queue.swift in Sources */ = {isa = PBXBuildFile; fileRef = 1496E13D1F44C6F500CA7A10 /* Queue.swift */; };
		1496E1551F44C6F500CA7A10 /* Slice.swift in Sources */ = {isa = PBXBuildFile; fileRef = 1496E13E1F44C6F500CA7A10 /* Slice.swift */; };
		1496E1561F44C6F500CA7A10 /* Person.swift in Sources */ = {isa = PBXBuildFile; fileRef = 1496E1401F44C6F500CA7A10 /* Person.swift */; };
		1496E1571F44C6F500CA7A10 /* Regex.swift in Sources */ = {isa = PBXBuildFile; fileRef = 1496E1421F44C6F500CA7A10 /* Regex.swift */; };
		1496E1581F44C6F500CA7A10 /* StringViewSelector.swift in Sources */ = {isa = PBXBuildFile; fileRef = 1496E1431F44C6F500CA7A10 /* StringViewSelector.swift */; };
/* End PBXBuildFile section */

/* Begin PBXFileReference section */
		1496E1191F44C32700CA7A10 /* SwiftyUtils.framework */ = {isa = PBXFileReference; explicitFileType = wrapper.framework; includeInIndex = 0; path = SwiftyUtils.framework; sourceTree = BUILT_PRODUCTS_DIR; };
		1496E11C1F44C32700CA7A10 /* SwiftyUtils.h */ = {isa = PBXFileReference; lastKnownFileType = sourcecode.c.h; path = SwiftyUtils.h; sourceTree = "<group>"; };
		1496E11D1F44C32700CA7A10 /* Info.plist */ = {isa = PBXFileReference; lastKnownFileType = text.plist.xml; path = Info.plist; sourceTree = "<group>"; };
		1496E1261F44C6F500CA7A10 /* Array+Unsafe.swift */ = {isa = PBXFileReference; fileEncoding = 4; lastKnownFileType = sourcecode.swift; path = "Array+Unsafe.swift"; sourceTree = "<group>"; };
		1496E1271F44C6F500CA7A10 /* Array.swift */ = {isa = PBXFileReference; fileEncoding = 4; lastKnownFileType = sourcecode.swift; path = Array.swift; sourceTree = "<group>"; };
		1496E1281F44C6F500CA7A10 /* Collection.swift */ = {isa = PBXFileReference; fileEncoding = 4; lastKnownFileType = sourcecode.swift; path = Collection.swift; sourceTree = "<group>"; };
		1496E1291F44C6F500CA7A10 /* Dictionary.swift */ = {isa = PBXFileReference; fileEncoding = 4; lastKnownFileType = sourcecode.swift; path = Dictionary.swift; sourceTree = "<group>"; };
		1496E12A1F44C6F500CA7A10 /* MutableCollection.swift */ = {isa = PBXFileReference; fileEncoding = 4; lastKnownFileType = sourcecode.swift; path = MutableCollection.swift; sourceTree = "<group>"; };
		1496E12B1F44C6F500CA7A10 /* RandomAccessCollection.swift */ = {isa = PBXFileReference; fileEncoding = 4; lastKnownFileType = sourcecode.swift; path = RandomAccessCollection.swift; sourceTree = "<group>"; };
		1496E12C1F44C6F500CA7A10 /* Sequence.swift */ = {isa = PBXFileReference; fileEncoding = 4; lastKnownFileType = sourcecode.swift; path = Sequence.swift; sourceTree = "<group>"; };
		1496E12D1F44C6F500CA7A10 /* Stack.swift */ = {isa = PBXFileReference; fileEncoding = 4; lastKnownFileType = sourcecode.swift; path = Stack.swift; sourceTree = "<group>"; };
		1496E12F1F44C6F500CA7A10 /* ErrorHandling.swift */ = {isa = PBXFileReference; fileEncoding = 4; lastKnownFileType = sourcecode.swift; path = ErrorHandling.swift; sourceTree = "<group>"; };
		1496E1311F44C6F500CA7A10 /* UrlLoader.swift */ = {isa = PBXFileReference; fileEncoding = 4; lastKnownFileType = sourcecode.swift; path = UrlLoader.swift; sourceTree = "<group>"; };
		1496E1331F44C6F500CA7A10 /* Optionals.swift */ = {isa = PBXFileReference; fileEncoding = 4; lastKnownFileType = sourcecode.swift; path = Optionals.swift; sourceTree = "<group>"; };
		1496E1351F44C6F500CA7A10 /* String.swift */ = {isa = PBXFileReference; fileEncoding = 4; lastKnownFileType = sourcecode.swift; path = String.swift; sourceTree = "<group>"; };
		1496E1371F44C6F500CA7A10 /* Logs.swift */ = {isa = PBXFileReference; fileEncoding = 4; lastKnownFileType = sourcecode.swift; path = Logs.swift; sourceTree = "<group>"; };
		1496E13A1F44C6F500CA7A10 /* LinkedList.swift */ = {isa = PBXFileReference; fileEncoding = 4; lastKnownFileType = sourcecode.swift; path = LinkedList.swift; sourceTree = "<group>"; };
		1496E13B1F44C6F500CA7A10 /* List.swift */ = {isa = PBXFileReference; fileEncoding = 4; lastKnownFileType = sourcecode.swift; path = List.swift; sourceTree = "<group>"; };
		1496E13C1F44C6F500CA7A10 /* PrefixIterator.swift */ = {isa = PBXFileReference; fileEncoding = 4; lastKnownFileType = sourcecode.swift; path = PrefixIterator.swift; sourceTree = "<group>"; };
		1496E13D1F44C6F500CA7A10 /* Queue.swift */ = {isa = PBXFileReference; fileEncoding = 4; lastKnownFileType = sourcecode.swift; path = Queue.swift; sourceTree = "<group>"; };
		1496E13E1F44C6F500CA7A10 /* Slice.swift */ = {isa = PBXFileReference; fileEncoding = 4; lastKnownFileType = sourcecode.swift; path = Slice.swift; sourceTree = "<group>"; };
		1496E1401F44C6F500CA7A10 /* Person.swift */ = {isa = PBXFileReference; fileEncoding = 4; lastKnownFileType = sourcecode.swift; path = Person.swift; sourceTree = "<group>"; };
		1496E1421F44C6F500CA7A10 /* Regex.swift */ = {isa = PBXFileReference; fileEncoding = 4; lastKnownFileType = sourcecode.swift; path = Regex.swift; sourceTree = "<group>"; };
		1496E1431F44C6F500CA7A10 /* StringViewSelector.swift */ = {isa = PBXFileReference; fileEncoding = 4; lastKnownFileType = sourcecode.swift; path = StringViewSelector.swift; sourceTree = "<group>"; };
/* End PBXFileReference section */

/* Begin PBXFrameworksBuildPhase section */
		1496E1151F44C32600CA7A10 /* Frameworks */ = {
			isa = PBXFrameworksBuildPhase;
			buildActionMask = 2147483647;
			files = (
			);
			runOnlyForDeploymentPostprocessing = 0;
		};
/* End PBXFrameworksBuildPhase section */

/* Begin PBXGroup section */
		1496E10F1F44C32600CA7A10 = {
			isa = PBXGroup;
			children = (
				1496E11B1F44C32700CA7A10 /* SwiftyUtils */,
				1496E11A1F44C32700CA7A10 /* Products */,
			);
			sourceTree = "<group>";
		};
		1496E11A1F44C32700CA7A10 /* Products */ = {
			isa = PBXGroup;
			children = (
				1496E1191F44C32700CA7A10 /* SwiftyUtils.framework */,
			);
			name = Products;
			sourceTree = "<group>";
		};
		1496E11B1F44C32700CA7A10 /* SwiftyUtils */ = {
			isa = PBXGroup;
			children = (
				1496E1241F44C6F500CA7A10 /* Extensions */,
				1496E1361F44C6F500CA7A10 /* Logs */,
				1496E1381F44C6F500CA7A10 /* Models */,
				1496E11C1F44C32700CA7A10 /* SwiftyUtils.h */,
				1496E11D1F44C32700CA7A10 /* Info.plist */,
			);
			path = SwiftyUtils;
			sourceTree = "<group>";
		};
		1496E1241F44C6F500CA7A10 /* Extensions */ = {
			isa = PBXGroup;
			children = (
				1496E1251F44C6F500CA7A10 /* Collections */,
				1496E12E1F44C6F500CA7A10 /* ErrorHandling */,
				1496E1301F44C6F500CA7A10 /* Generics */,
				1496E1321F44C6F500CA7A10 /* Optioinals */,
				1496E1341F44C6F500CA7A10 /* String */,
			);
			path = Extensions;
			sourceTree = "<group>";
		};
		1496E1251F44C6F500CA7A10 /* Collections */ = {
			isa = PBXGroup;
			children = (
				1496E12C1F44C6F500CA7A10 /* Sequence.swift */,
				1496E1281F44C6F500CA7A10 /* Collection.swift */,
				1496E1271F44C6F500CA7A10 /* Array.swift */,
				1496E1261F44C6F500CA7A10 /* Array+Unsafe.swift */,
				1496E1291F44C6F500CA7A10 /* Dictionary.swift */,
				1496E12A1F44C6F500CA7A10 /* MutableCollection.swift */,
				1496E12B1F44C6F500CA7A10 /* RandomAccessCollection.swift */,
				1496E12D1F44C6F500CA7A10 /* Stack.swift */,
			);
			path = Collections;
			sourceTree = "<group>";
		};
		1496E12E1F44C6F500CA7A10 /* ErrorHandling */ = {
			isa = PBXGroup;
			children = (
				1496E12F1F44C6F500CA7A10 /* ErrorHandling.swift */,
			);
			path = ErrorHandling;
			sourceTree = "<group>";
		};
		1496E1301F44C6F500CA7A10 /* Generics */ = {
			isa = PBXGroup;
			children = (
				1496E1311F44C6F500CA7A10 /* UrlLoader.swift */,
			);
			path = Generics;
			sourceTree = "<group>";
		};
		1496E1321F44C6F500CA7A10 /* Optioinals */ = {
			isa = PBXGroup;
			children = (
				1496E1331F44C6F500CA7A10 /* Optionals.swift */,
			);
			path = Optioinals;
			sourceTree = "<group>";
		};
		1496E1341F44C6F500CA7A10 /* String */ = {
			isa = PBXGroup;
			children = (
				1496E1351F44C6F500CA7A10 /* String.swift */,
			);
			path = String;
			sourceTree = "<group>";
		};
		1496E1361F44C6F500CA7A10 /* Logs */ = {
			isa = PBXGroup;
			children = (
				1496E1371F44C6F500CA7A10 /* Logs.swift */,
			);
			path = Logs;
			sourceTree = "<group>";
		};
		1496E1381F44C6F500CA7A10 /* Models */ = {
			isa = PBXGroup;
			children = (
				1496E1391F44C6F500CA7A10 /* Collections */,
				1496E13F1F44C6F500CA7A10 /* Entity */,
				1496E1411F44C6F500CA7A10 /* Regex */,
			);
			path = Models;
			sourceTree = "<group>";
		};
		1496E1391F44C6F500CA7A10 /* Collections */ = {
			isa = PBXGroup;
			children = (
				1496E13A1F44C6F500CA7A10 /* LinkedList.swift */,
				1496E13B1F44C6F500CA7A10 /* List.swift */,
				1496E13C1F44C6F500CA7A10 /* PrefixIterator.swift */,
				1496E13D1F44C6F500CA7A10 /* Queue.swift */,
				1496E13E1F44C6F500CA7A10 /* Slice.swift */,
			);
			path = Collections;
			sourceTree = "<group>";
		};
		1496E13F1F44C6F500CA7A10 /* Entity */ = {
			isa = PBXGroup;
			children = (
				1496E1401F44C6F500CA7A10 /* Person.swift */,
			);
			path = Entity;
			sourceTree = "<group>";
		};
		1496E1411F44C6F500CA7A10 /* Regex */ = {
			isa = PBXGroup;
			children = (
				1496E1421F44C6F500CA7A10 /* Regex.swift */,
				1496E1431F44C6F500CA7A10 /* StringViewSelector.swift */,
			);
			path = Regex;
			sourceTree = "<group>";
		};
/* End PBXGroup section */

/* Begin PBXHeadersBuildPhase section */
		1496E1161F44C32600CA7A10 /* Headers */ = {
			isa = PBXHeadersBuildPhase;
			buildActionMask = 2147483647;
			files = (
				1496E11E1F44C32700CA7A10 /* SwiftyUtils.h in Headers */,
			);
			runOnlyForDeploymentPostprocessing = 0;
		};
/* End PBXHeadersBuildPhase section */

/* Begin PBXNativeTarget section */
		1496E1181F44C32600CA7A10 /* SwiftyUtils */ = {
			isa = PBXNativeTarget;
			buildConfigurationList = 1496E1211F44C32700CA7A10 /* Build configuration list for PBXNativeTarget "SwiftyUtils" */;
			buildPhases = (
				1496E1141F44C32600CA7A10 /* Sources */,
				1496E1151F44C32600CA7A10 /* Frameworks */,
				1496E1161F44C32600CA7A10 /* Headers */,
				1496E1171F44C32600CA7A10 /* Resources */,
			);
			buildRules = (
			);
			dependencies = (
			);
			name = SwiftyUtils;
			productName = SwiftyUtils;
			productReference = 1496E1191F44C32700CA7A10 /* SwiftyUtils.framework */;
			productType = "com.apple.product-type.framework";
		};
/* End PBXNativeTarget section */

/* Begin PBXProject section */
		1496E1101F44C32600CA7A10 /* Project object */ = {
			isa = PBXProject;
			attributes = {
				LastUpgradeCheck = 0830;
				ORGANIZATIONNAME = "Anton Poltoratskyi";
				TargetAttributes = {
					1496E1181F44C32600CA7A10 = {
						CreatedOnToolsVersion = 8.3.3;
						ProvisioningStyle = Automatic;
					};
				};
			};
			buildConfigurationList = 1496E1131F44C32600CA7A10 /* Build configuration list for PBXProject "SwiftyUtils" */;
			compatibilityVersion = "Xcode 3.2";
			developmentRegion = English;
			hasScannedForEncodings = 0;
			knownRegions = (
				en,
			);
			mainGroup = 1496E10F1F44C32600CA7A10;
			productRefGroup = 1496E11A1F44C32700CA7A10 /* Products */;
			projectDirPath = "";
			projectRoot = "";
			targets = (
				1496E1181F44C32600CA7A10 /* SwiftyUtils */,
			);
		};
/* End PBXProject section */

/* Begin PBXResourcesBuildPhase section */
		1496E1171F44C32600CA7A10 /* Resources */ = {
			isa = PBXResourcesBuildPhase;
			buildActionMask = 2147483647;
			files = (
			);
			runOnlyForDeploymentPostprocessing = 0;
		};
/* End PBXResourcesBuildPhase section */

/* Begin PBXSourcesBuildPhase section */
		1496E1141F44C32600CA7A10 /* Sources */ = {
			isa = PBXSourcesBuildPhase;
			buildActionMask = 2147483647;
			files = (
				1496E14D1F44C6F500CA7A10 /* UrlLoader.swift in Sources */,
				1496E1571F44C6F500CA7A10 /* Regex.swift in Sources */,
				1496E14C1F44C6F500CA7A10 /* ErrorHandling.swift in Sources */,
				1496E1491F44C6F500CA7A10 /* RandomAccessCollection.swift in Sources */,
				1496E1481F44C6F500CA7A10 /* MutableCollection.swift in Sources */,
				1496E1551F44C6F500CA7A10 /* Slice.swift in Sources */,
				1496E1501F44C6F500CA7A10 /* Logs.swift in Sources */,
				1496E14A1F44C6F500CA7A10 /* Sequence.swift in Sources */,
				1496E1511F44C6F500CA7A10 /* LinkedList.swift in Sources */,
				1496E1531F44C6F500CA7A10 /* PrefixIterator.swift in Sources */,
				1496E1461F44C6F500CA7A10 /* Collection.swift in Sources */,
				1496E1521F44C6F500CA7A10 /* List.swift in Sources */,
				1496E14F1F44C6F500CA7A10 /* String.swift in Sources */,
				1496E14B1F44C6F500CA7A10 /* Stack.swift in Sources */,
				1496E1471F44C6F500CA7A10 /* Dictionary.swift in Sources */,
				1496E1561F44C6F500CA7A10 /* Person.swift in Sources */,
				1496E1441F44C6F500CA7A10 /* Array+Unsafe.swift in Sources */,
				1496E1541F44C6F500CA7A10 /* Queue.swift in Sources */,
				1496E1581F44C6F500CA7A10 /* StringViewSelector.swift in Sources */,
				1496E14E1F44C6F500CA7A10 /* Optionals.swift in Sources */,
				1496E1451F44C6F500CA7A10 /* Array.swift in Sources */,
			);
			runOnlyForDeploymentPostprocessing = 0;
		};
/* End PBXSourcesBuildPhase section */

/* Begin XCBuildConfiguration section */
		1496E11F1F44C32700CA7A10 /* Debug */ = {
			isa = XCBuildConfiguration;
			buildSettings = {
				ALWAYS_SEARCH_USER_PATHS = NO;
				CLANG_ANALYZER_NONNULL = YES;
				CLANG_ANALYZER_NUMBER_OBJECT_CONVERSION = YES_AGGRESSIVE;
				CLANG_CXX_LANGUAGE_STANDARD = "gnu++0x";
				CLANG_CXX_LIBRARY = "libc++";
				CLANG_ENABLE_MODULES = YES;
				CLANG_ENABLE_OBJC_ARC = YES;
				CLANG_WARN_BOOL_CONVERSION = YES;
				CLANG_WARN_CONSTANT_CONVERSION = YES;
				CLANG_WARN_DIRECT_OBJC_ISA_USAGE = YES_ERROR;
				CLANG_WARN_DOCUMENTATION_COMMENTS = YES;
				CLANG_WARN_EMPTY_BODY = YES;
				CLANG_WARN_ENUM_CONVERSION = YES;
				CLANG_WARN_INFINITE_RECURSION = YES;
				CLANG_WARN_INT_CONVERSION = YES;
				CLANG_WARN_OBJC_ROOT_CLASS = YES_ERROR;
				CLANG_WARN_SUSPICIOUS_MOVE = YES;
				CLANG_WARN_UNREACHABLE_CODE = YES;
				CLANG_WARN__DUPLICATE_METHOD_MATCH = YES;
				"CODE_SIGN_IDENTITY[sdk=iphoneos*]" = "iPhone Developer";
				COPY_PHASE_STRIP = NO;
				CURRENT_PROJECT_VERSION = 1;
				DEBUG_INFORMATION_FORMAT = dwarf;
				ENABLE_STRICT_OBJC_MSGSEND = YES;
				ENABLE_TESTABILITY = YES;
				GCC_C_LANGUAGE_STANDARD = gnu99;
				GCC_DYNAMIC_NO_PIC = NO;
				GCC_NO_COMMON_BLOCKS = YES;
				GCC_OPTIMIZATION_LEVEL = 0;
				GCC_PREPROCESSOR_DEFINITIONS = (
					"DEBUG=1",
					"$(inherited)",
				);
				GCC_WARN_64_TO_32_BIT_CONVERSION = YES;
				GCC_WARN_ABOUT_RETURN_TYPE = YES_ERROR;
				GCC_WARN_UNDECLARED_SELECTOR = YES;
				GCC_WARN_UNINITIALIZED_AUTOS = YES_AGGRESSIVE;
				GCC_WARN_UNUSED_FUNCTION = YES;
				GCC_WARN_UNUSED_VARIABLE = YES;
				IPHONEOS_DEPLOYMENT_TARGET = 10.3;
				MTL_ENABLE_DEBUG_INFO = YES;
				ONLY_ACTIVE_ARCH = YES;
				SDKROOT = iphoneos;
				SWIFT_ACTIVE_COMPILATION_CONDITIONS = DEBUG;
				SWIFT_OPTIMIZATION_LEVEL = "-Onone";
				TARGETED_DEVICE_FAMILY = "1,2";
				VERSIONING_SYSTEM = "apple-generic";
				VERSION_INFO_PREFIX = "";
			};
			name = Debug;
		};
		1496E1201F44C32700CA7A10 /* Release */ = {
			isa = XCBuildConfiguration;
			buildSettings = {
				ALWAYS_SEARCH_USER_PATHS = NO;
				CLANG_ANALYZER_NONNULL = YES;
				CLANG_ANALYZER_NUMBER_OBJECT_CONVERSION = YES_AGGRESSIVE;
				CLANG_CXX_LANGUAGE_STANDARD = "gnu++0x";
				CLANG_CXX_LIBRARY = "libc++";
				CLANG_ENABLE_MODULES = YES;
				CLANG_ENABLE_OBJC_ARC = YES;
				CLANG_WARN_BOOL_CONVERSION = YES;
				CLANG_WARN_CONSTANT_CONVERSION = YES;
				CLANG_WARN_DIRECT_OBJC_ISA_USAGE = YES_ERROR;
				CLANG_WARN_DOCUMENTATION_COMMENTS = YES;
				CLANG_WARN_EMPTY_BODY = YES;
				CLANG_WARN_ENUM_CONVERSION = YES;
				CLANG_WARN_INFINITE_RECURSION = YES;
				CLANG_WARN_INT_CONVERSION = YES;
				CLANG_WARN_OBJC_ROOT_CLASS = YES_ERROR;
				CLANG_WARN_SUSPICIOUS_MOVE = YES;
				CLANG_WARN_UNREACHABLE_CODE = YES;
				CLANG_WARN__DUPLICATE_METHOD_MATCH = YES;
				"CODE_SIGN_IDENTITY[sdk=iphoneos*]" = "iPhone Developer";
				COPY_PHASE_STRIP = NO;
				CURRENT_PROJECT_VERSION = 1;
				DEBUG_INFORMATION_FORMAT = "dwarf-with-dsym";
				ENABLE_NS_ASSERTIONS = NO;
				ENABLE_STRICT_OBJC_MSGSEND = YES;
				GCC_C_LANGUAGE_STANDARD = gnu99;
				GCC_NO_COMMON_BLOCKS = YES;
				GCC_WARN_64_TO_32_BIT_CONVERSION = YES;
				GCC_WARN_ABOUT_RETURN_TYPE = YES_ERROR;
				GCC_WARN_UNDECLARED_SELECTOR = YES;
				GCC_WARN_UNINITIALIZED_AUTOS = YES_AGGRESSIVE;
				GCC_WARN_UNUSED_FUNCTION = YES;
				GCC_WARN_UNUSED_VARIABLE = YES;
				IPHONEOS_DEPLOYMENT_TARGET = 10.3;
				MTL_ENABLE_DEBUG_INFO = NO;
				SDKROOT = iphoneos;
				SWIFT_OPTIMIZATION_LEVEL = "-Owholemodule";
				TARGETED_DEVICE_FAMILY = "1,2";
				VALIDATE_PRODUCT = YES;
				VERSIONING_SYSTEM = "apple-generic";
				VERSION_INFO_PREFIX = "";
			};
			name = Release;
		};
		1496E1221F44C32700CA7A10 /* Debug */ = {
			isa = XCBuildConfiguration;
			buildSettings = {
				CODE_SIGN_IDENTITY = "";
				DEFINES_MODULE = YES;
				DYLIB_COMPATIBILITY_VERSION = 1;
				DYLIB_CURRENT_VERSION = 1;
				DYLIB_INSTALL_NAME_BASE = "@rpath";
				INFOPLIST_FILE = SwiftyUtils/Info.plist;
				INSTALL_PATH = "$(LOCAL_LIBRARY_DIR)/Frameworks";
				LD_RUNPATH_SEARCH_PATHS = "$(inherited) @executable_path/Frameworks @loader_path/Frameworks";
				PRODUCT_BUNDLE_IDENTIFIER = com.poltoratskyi.SwiftyUtils;
				PRODUCT_NAME = "$(TARGET_NAME)";
				SKIP_INSTALL = YES;
				SWIFT_VERSION = 3.0;
			};
			name = Debug;
		};
		1496E1231F44C32700CA7A10 /* Release */ = {
			isa = XCBuildConfiguration;
			buildSettings = {
				CODE_SIGN_IDENTITY = "";
				DEFINES_MODULE = YES;
				DYLIB_COMPATIBILITY_VERSION = 1;
				DYLIB_CURRENT_VERSION = 1;
				DYLIB_INSTALL_NAME_BASE = "@rpath";
				INFOPLIST_FILE = SwiftyUtils/Info.plist;
				INSTALL_PATH = "$(LOCAL_LIBRARY_DIR)/Frameworks";
				LD_RUNPATH_SEARCH_PATHS = "$(inherited) @executable_path/Frameworks @loader_path/Frameworks";
				PRODUCT_BUNDLE_IDENTIFIER = com.poltoratskyi.SwiftyUtils;
				PRODUCT_NAME = "$(TARGET_NAME)";
				SKIP_INSTALL = YES;
				SWIFT_VERSION = 3.0;
			};
			name = Release;
		};
/* End XCBuildConfiguration section */

/* Begin XCConfigurationList section */
		1496E1131F44C32600CA7A10 /* Build configuration list for PBXProject "SwiftyUtils" */ = {
			isa = XCConfigurationList;
			buildConfigurations = (
				1496E11F1F44C32700CA7A10 /* Debug */,
				1496E1201F44C32700CA7A10 /* Release */,
			);
			defaultConfigurationIsVisible = 0;
			defaultConfigurationName = Release;
		};
		1496E1211F44C32700CA7A10 /* Build configuration list for PBXNativeTarget "SwiftyUtils" */ = {
			isa = XCConfigurationList;
			buildConfigurations = (
				1496E1221F44C32700CA7A10 /* Debug */,
				1496E1231F44C32700CA7A10 /* Release */,
			);
			defaultConfigurationIsVisible = 0;
			defaultConfigurationName = Release;
		};
/* End XCConfigurationList section */
	};
	rootObject = 1496E1101F44C32600CA7A10 /* Project object */;
}
